{
  "version": 4,
  "terraform_version": "1.13.4",
  "serial": 105,
  "lineage": "cfc26599-d5c5-3b6c-fdd7-d8a10b789227",
  "outputs": {},
  "resources": [
    {
      "module": "module.vpc",
      "mode": "managed",
      "type": "aws_vpc",
      "name": "this",
      "provider": "provider[\"registry.terraform.io/hashicorp/aws\"]",
      "instances": [
        {
          "schema_version": 1,
          "attributes": {
            "arn": "arn:aws:ec2:us-east-1:853973692277:vpc/vpc-07a0076cd016d6da7",
            "assign_generated_ipv6_cidr_block": false,
            "cidr_block": "10.0.0.0/16",
            "default_network_acl_id": "acl-02488d2f362d65861",
            "default_route_table_id": "rtb-02c14a4a2294c1d34",
            "default_security_group_id": "sg-09729c0f821c182b2",
            "dhcp_options_id": "dopt-00956455b1342abe4",
            "enable_dns_hostnames": false,
            "enable_dns_support": true,
            "enable_network_address_usage_metrics": false,
            "id": "vpc-07a0076cd016d6da7",
            "instance_tenancy": "default",
            "ipv4_ipam_pool_id": null,
            "ipv4_netmask_length": null,
            "ipv6_association_id": "",
            "ipv6_cidr_block": "",
            "ipv6_cidr_block_network_border_group": "",
            "ipv6_ipam_pool_id": "",
            "ipv6_netmask_length": 0,
            "main_route_table_id": "rtb-02c14a4a2294c1d34",
            "owner_id": "853973692277",
            "region": "us-east-1",
            "tags": {
              "Name": "terraform-2tier-vpc"
            },
            "tags_all": {
              "Name": "terraform-2tier-vpc"
            }
          },
          "sensitive_attributes": [],
          "identity_schema_version": 0,
          "identity": {
            "account_id": "853973692277",
            "id": "vpc-07a0076cd016d6da7",
            "region": "us-east-1"
          },
          "private": "eyJzY2hlbWFfdmVyc2lvbiI6IjEifQ=="
        }
      ]
    }
  ],
  "check_results": null
}
